{
  "nodes": {
    "nixpkgs": {
      "locked": {
        "lastModified": 1632209920,
        "narHash": "sha256-NvSbdZooKiXRd1x4/qKPGiXEcD5wnAOfDa8SLd6ycVY=",
        "owner": "nixos",
        "repo": "nixpkgs",
        "rev": "d6b683c0527a7f777b5f2b4db2555891cd5a85f5",
        "type": "github"
      },
      "original": {
        "owner": "nixos",
        "ref": "nixos-unstable-small",
        "repo": "nixpkgs",
        "type": "github"
      }
    },
    "nur": {
      "locked": {
        "lastModified": 1632257874,
        "narHash": "sha256-WGFotQ/wBqCzFwkFxiIePLaPAoHrfbbH3c9xZ+wUu1A=",
        "owner": "nix-community",
        "repo": "NUR",
        "rev": "ed223afb5466e84e0a04a70c1a9fb87577011852",
        "type": "github"
      },
      "original": {
        "owner": "nix-community",
        "repo": "NUR",
        "type": "github"
      }
    },
    "root": {
      "inputs": {
        "nixpkgs": "nixpkgs",
        "nur": "nur"
      }
    }
  },
  "root": "root",
  "version": 7
}
